
Microsoft Visual Studio Solution File, Format Version 12.00
# Visual Studio Version 17
VisualStudioVersion = 17.5.002.0
MinimumVisualStudioVersion = 10.0.40219.1
Project("{9A19103F-16F7-4668-BE54-9A1E7A4F7556}") = "EdiRetrieval", "EdiRetrieval.csproj", "{6E95393E-D4A3-4C96-87A5-94AAF4BFDA3E}"
EndProject
Global
	GlobalSection(SolutionConfigurationPlatforms) = preSolution
		Debug|Any CPU = Debug|Any CPU
		Release|Any CPU = Release|Any CPU
	EndGlobalSection
	GlobalSection(ProjectConfigurationPlatforms) = postSolution
		{6E95393E-D4A3-4C96-87A5-94AAF4BFDA3E}.Debug|Any CPU.ActiveCfg = Debug|Any CPU
		{6E95393E-D4A3-4C96-87A5-94AAF4BFDA3E}.Debug|Any CPU.Build.0 = Debug|Any CPU
		{6E95393E-D4A3-4C96-87A5-94AAF4BFDA3E}.Release|Any CPU.ActiveCfg = Release|Any CPU
		{6E95393E-D4A3-4C96-87A5-94AAF4BFDA3E}.Release|Any CPU.Build.0 = Release|Any CPU
	EndGlobalSection
	GlobalSection(SolutionProperties) = preSolution
		HideSolutionNode = FALSE
	EndGlobalSection
	GlobalSection(ExtensibilityGlobals) = postSolution
		SolutionGuid = {A27329D4-2D5E-4A84-B347-F96E38588440}
	EndGlobalSection
EndGlobal
